// !$*UTF8*$!
{
	archiveVersion = 1;
	classes = {
	};
	objectVersion = 50;
	objects = {

/* Begin PBXBuildFile section */
		5CAF0789227C3CB30015FDA8 /* AppDelegate.swift in Sources */ = {isa = PBXBuildFile; fileRef = 5CAF0788227C3CB30015FDA8 /* AppDelegate.swift */; };
		5CAF078B227C3CB30015FDA8 /* LocationViewController.swift in Sources */ = {isa = PBXBuildFile; fileRef = 5CAF078A227C3CB30015FDA8 /* LocationViewController.swift */; };
		5CAF078E227C3CB30015FDA8 /* Main.storyboard in Resources */ = {isa = PBXBuildFile; fileRef = 5CAF078C227C3CB30015FDA8 /* Main.storyboard */; };
		5CAF0790227C3CB60015FDA8 /* Assets.xcassets in Resources */ = {isa = PBXBuildFile; fileRef = 5CAF078F227C3CB60015FDA8 /* Assets.xcassets */; };
		5CAF0793227C3CB60015FDA8 /* LaunchScreen.storyboard in Resources */ = {isa = PBXBuildFile; fileRef = 5CAF0791227C3CB60015FDA8 /* LaunchScreen.storyboard */; };
		5CAF079B227C3DB30015FDA8 /* NetworkService.swift in Sources */ = {isa = PBXBuildFile; fileRef = 5CAF079A227C3DB30015FDA8 /* NetworkService.swift */; };
		5CAF079D227C3F0F0015FDA8 /* CurrentWeather.swift in Sources */ = {isa = PBXBuildFile; fileRef = 5CAF079C227C3F0F0015FDA8 /* CurrentWeather.swift */; };
		5CAF079F227C46E50015FDA8 /* Constants.swift in Sources */ = {isa = PBXBuildFile; fileRef = 5CAF079E227C46E50015FDA8 /* Constants.swift */; };
		5CAF07A5228029AD0015FDA8 /* CurrentWeatherTableViewController.swift in Sources */ = {isa = PBXBuildFile; fileRef = 5CAF07A4228029AD0015FDA8 /* CurrentWeatherTableViewController.swift */; };
		5CAF07A7228068D70015FDA8 /* SearchLocationViewController.swift in Sources */ = {isa = PBXBuildFile; fileRef = 5CAF07A6228068D70015FDA8 /* SearchLocationViewController.swift */; };
/* End PBXBuildFile section */

/* Begin PBXFileReference section */
		5CAF0785227C3CB30015FDA8 /* Weather App.app */ = {isa = PBXFileReference; explicitFileType = wrapper.application; includeInIndex = 0; path = "Weather App.app"; sourceTree = BUILT_PRODUCTS_DIR; };
		5CAF0788227C3CB30015FDA8 /* AppDelegate.swift */ = {isa = PBXFileReference; lastKnownFileType = sourcecode.swift; path = AppDelegate.swift; sourceTree = "<group>"; };
		5CAF078A227C3CB30015FDA8 /* LocationViewController.swift */ = {isa = PBXFileReference; lastKnownFileType = sourcecode.swift; path = LocationViewController.swift; sourceTree = "<group>"; };
		5CAF078D227C3CB30015FDA8 /* Base */ = {isa = PBXFileReference; lastKnownFileType = file.storyboard; name = Base; path = Base.lproj/Main.storyboard; sourceTree = "<group>"; };
		5CAF078F227C3CB60015FDA8 /* Assets.xcassets */ = {isa = PBXFileReference; lastKnownFileType = folder.assetcatalog; path = Assets.xcassets; sourceTree = "<group>"; };
		5CAF0792227C3CB60015FDA8 /* Base */ = {isa = PBXFileReference; lastKnownFileType = file.storyboard; name = Base; path = Base.lproj/LaunchScreen.storyboard; sourceTree = "<group>"; };
		5CAF0794227C3CB60015FDA8 /* Info.plist */ = {isa = PBXFileReference; lastKnownFileType = text.plist.xml; path = Info.plist; sourceTree = "<group>"; };
		5CAF079A227C3DB30015FDA8 /* NetworkService.swift */ = {isa = PBXFileReference; lastKnownFileType = sourcecode.swift; path = NetworkService.swift; sourceTree = "<group>"; };
		5CAF079C227C3F0F0015FDA8 /* CurrentWeather.swift */ = {isa = PBXFileReference; lastKnownFileType = sourcecode.swift; path = CurrentWeather.swift; sourceTree = "<group>"; };
		5CAF079E227C46E50015FDA8 /* Constants.swift */ = {isa = PBXFileReference; lastKnownFileType = sourcecode.swift; path = Constants.swift; sourceTree = "<group>"; };
		5CAF07A4228029AD0015FDA8 /* CurrentWeatherTableViewController.swift */ = {isa = PBXFileReference; lastKnownFileType = sourcecode.swift; path = CurrentWeatherTableViewController.swift; sourceTree = "<group>"; };
		5CAF07A6228068D70015FDA8 /* SearchLocationViewController.swift */ = {isa = PBXFileReference; lastKnownFileType = sourcecode.swift; path = SearchLocationViewController.swift; sourceTree = "<group>"; };
/* End PBXFileReference section */

/* Begin PBXFrameworksBuildPhase section */
		5CAF0782227C3CB30015FDA8 /* Frameworks */ = {
			isa = PBXFrameworksBuildPhase;
			buildActionMask = 2147483647;
			files = (
			);
			runOnlyForDeploymentPostprocessing = 0;
		};
/* End PBXFrameworksBuildPhase section */

/* Begin PBXGroup section */
		5CAF077C227C3CB30015FDA8 = {
			isa = PBXGroup;
			children = (
				5CAF0787227C3CB30015FDA8 /* Weather App */,
				5CAF0786227C3CB30015FDA8 /* Products */,
			);
			sourceTree = "<group>";
		};
		5CAF0786227C3CB30015FDA8 /* Products */ = {
			isa = PBXGroup;
			children = (
				5CAF0785227C3CB30015FDA8 /* Weather App.app */,
			);
			name = Products;
			sourceTree = "<group>";
		};
		5CAF0787227C3CB30015FDA8 /* Weather App */ = {
			isa = PBXGroup;
			children = (
				5CAF079E227C46E50015FDA8 /* Constants.swift */,
				5CAF0788227C3CB30015FDA8 /* AppDelegate.swift */,
				5CAF07A822807E500015FDA8 /* Model */,
				5CAF07A922807E560015FDA8 /* Controller */,
				5CAF07AA22807E650015FDA8 /* View Controllers */,
				5CAF078C227C3CB30015FDA8 /* Main.storyboard */,
				5CAF078F227C3CB60015FDA8 /* Assets.xcassets */,
				5CAF0791227C3CB60015FDA8 /* LaunchScreen.storyboard */,
				5CAF0794227C3CB60015FDA8 /* Info.plist */,
			);
			path = "Weather App";
			sourceTree = "<group>";
		};
		5CAF07A822807E500015FDA8 /* Model */ = {
			isa = PBXGroup;
			children = (
				5CAF079C227C3F0F0015FDA8 /* CurrentWeather.swift */,
			);
			path = Model;
			sourceTree = "<group>";
		};
		5CAF07A922807E560015FDA8 /* Controller */ = {
			isa = PBXGroup;
			children = (
				5CAF079A227C3DB30015FDA8 /* NetworkService.swift */,
			);
			name = Controller;
			sourceTree = "<group>";
		};
		5CAF07AA22807E650015FDA8 /* View Controllers */ = {
			isa = PBXGroup;
			children = (
				5CAF078A227C3CB30015FDA8 /* LocationViewController.swift */,
				5CAF07A6228068D70015FDA8 /* SearchLocationViewController.swift */,
				5CAF07A4228029AD0015FDA8 /* CurrentWeatherTableViewController.swift */,
			);
			path = "View Controllers";
			sourceTree = "<group>";
		};
/* End PBXGroup section */

/* Begin PBXNativeTarget section */
		5CAF0784227C3CB30015FDA8 /* Weather App */ = {
			isa = PBXNativeTarget;
			buildConfigurationList = 5CAF0797227C3CB60015FDA8 /* Build configuration list for PBXNativeTarget "Weather App" */;
			buildPhases = (
				5CAF0781227C3CB30015FDA8 /* Sources */,
				5CAF0782227C3CB30015FDA8 /* Frameworks */,
				5CAF0783227C3CB30015FDA8 /* Resources */,
			);
			buildRules = (
			);
			dependencies = (
			);
			name = "Weather App";
			productName = "Weather App";
			productReference = 5CAF0785227C3CB30015FDA8 /* Weather App.app */;
			productType = "com.apple.product-type.application";
		};
/* End PBXNativeTarget section */

/* Begin PBXProject section */
		5CAF077D227C3CB30015FDA8 /* Project object */ = {
			isa = PBXProject;
			attributes = {
				LastSwiftUpdateCheck = 1020;
				LastUpgradeCheck = 1020;
				ORGANIZATIONNAME = "Gerjan te Velde";
				TargetAttributes = {
					5CAF0784227C3CB30015FDA8 = {
						CreatedOnToolsVersion = 10.2.1;
					};
				};
			};
			buildConfigurationList = 5CAF0780227C3CB30015FDA8 /* Build configuration list for PBXProject "Weather App" */;
			compatibilityVersion = "Xcode 9.3";
			developmentRegion = en;
			hasScannedForEncodings = 0;
			knownRegions = (
				en,
				Base,
			);
			mainGroup = 5CAF077C227C3CB30015FDA8;
			productRefGroup = 5CAF0786227C3CB30015FDA8 /* Products */;
			projectDirPath = "";
			projectRoot = "";
			targets = (
				5CAF0784227C3CB30015FDA8 /* Weather App */,
			);
		};
/* End PBXProject section */

/* Begin PBXResourcesBuildPhase section */
		5CAF0783227C3CB30015FDA8 /* Resources */ = {
			isa = PBXResourcesBuildPhase;
			buildActionMask = 2147483647;
			files = (
				5CAF0793227C3CB60015FDA8 /* LaunchScreen.storyboard in Resources */,
				5CAF0790227C3CB60015FDA8 /* Assets.xcassets in Resources */,
				5CAF078E227C3CB30015FDA8 /* Main.storyboard in Resources */,
			);
			runOnlyForDeploymentPostprocessing = 0;
		};
/* End PBXResourcesBuildPhase section */

/* Begin PBXSourcesBuildPhase section */
		5CAF0781227C3CB30015FDA8 /* Sources */ = {
			isa = PBXSourcesBuildPhase;
			buildActionMask = 2147483647;
			files = (
				5CAF07A7228068D70015FDA8 /* SearchLocationViewController.swift in Sources */,
				5CAF07A5228029AD0015FDA8 /* CurrentWeatherTableViewController.swift in Sources */,
				5CAF079F227C46E50015FDA8 /* Constants.swift in Sources */,
				5CAF079D227C3F0F0015FDA8 /* CurrentWeather.swift in Sources */,
				5CAF078B227C3CB30015FDA8 /* LocationViewController.swift in Sources */,
				5CAF079B227C3DB30015FDA8 /* NetworkService.swift in Sources */,
				5CAF0789227C3CB30015FDA8 /* AppDelegate.swift in Sources */,
			);
			runOnlyForDeploymentPostprocessing = 0;
		};
/* End PBXSourcesBuildPhase section */

/* Begin PBXVariantGroup section */
		5CAF078C227C3CB30015FDA8 /* Main.storyboard */ = {
			isa = PBXVariantGroup;
			children = (
				5CAF078D227C3CB30015FDA8 /* Base */,
			);
			name = Main.storyboard;
			sourceTree = "<group>";
		};
		5CAF0791227C3CB60015FDA8 /* LaunchScreen.storyboard */ = {
			isa = PBXVariantGroup;
			children = (
				5CAF0792227C3CB60015FDA8 /* Base */,
			);
			name = LaunchScreen.storyboard;
			sourceTree = "<group>";
		};
/* End PBXVariantGroup section */

/* Begin XCBuildConfiguration section */
		5CAF0795227C3CB60015FDA8 /* Debug */ = {
			isa = XCBuildConfiguration;
			buildSettings = {
				ALWAYS_SEARCH_USER_PATHS = NO;
				CLANG_ANALYZER_NONNULL = YES;
				CLANG_ANALYZER_NUMBER_OBJECT_CONVERSION = YES_AGGRESSIVE;
				CLANG_CXX_LANGUAGE_STANDARD = "gnu++14";
				CLANG_CXX_LIBRARY = "libc++";
				CLANG_ENABLE_MODULES = YES;
				CLANG_ENABLE_OBJC_ARC = YES;
				CLANG_ENABLE_OBJC_WEAK = YES;
				CLANG_WARN_BLOCK_CAPTURE_AUTORELEASING = YES;
				CLANG_WARN_BOOL_CONVERSION = YES;
				CLANG_WARN_COMMA = YES;
				CLANG_WARN_CONSTANT_CONVERSION = YES;
				CLANG_WARN_DEPRECATED_OBJC_IMPLEMENTATIONS = YES;
				CLANG_WARN_DIRECT_OBJC_ISA_USAGE = YES_ERROR;
				CLANG_WARN_DOCUMENTATION_COMMENTS = YES;
				CLANG_WARN_EMPTY_BODY = YES;
				CLANG_WARN_ENUM_CONVERSION = YES;
				CLANG_WARN_INFINITE_RECURSION = YES;
				CLANG_WARN_INT_CONVERSION = YES;
				CLANG_WARN_NON_LITERAL_NULL_CONVERSION = YES;
				CLANG_WARN_OBJC_IMPLICIT_RETAIN_SELF = YES;
				CLANG_WARN_OBJC_LITERAL_CONVERSION = YES;
				CLANG_WARN_OBJC_ROOT_CLASS = YES_ERROR;
				CLANG_WARN_RANGE_LOOP_ANALYSIS = YES;
				CLANG_WARN_STRICT_PROTOTYPES = YES;
				CLANG_WARN_SUSPICIOUS_MOVE = YES;
				CLANG_WARN_UNGUARDED_AVAILABILITY = YES_AGGRESSIVE;
				CLANG_WARN_UNREACHABLE_CODE = YES;
				CLANG_WARN__DUPLICATE_METHOD_MATCH = YES;
				CODE_SIGN_IDENTITY = "iPhone Developer";
				COPY_PHASE_STRIP = NO;
				DEBUG_INFORMATION_FORMAT = dwarf;
				ENABLE_STRICT_OBJC_MSGSEND = YES;
				ENABLE_TESTABILITY = YES;
				GCC_C_LANGUAGE_STANDARD = gnu11;
				GCC_DYNAMIC_NO_PIC = NO;
				GCC_NO_COMMON_BLOCKS = YES;
				GCC_OPTIMIZATION_LEVEL = 0;
				GCC_PREPROCESSOR_DEFINITIONS = (
					"DEBUG=1",
					"$(inherited)",
				);
				GCC_WARN_64_TO_32_BIT_CONVERSION = YES;
				GCC_WARN_ABOUT_RETURN_TYPE = YES_ERROR;
				GCC_WARN_UNDECLARED_SELECTOR = YES;
				GCC_WARN_UNINITIALIZED_AUTOS = YES_AGGRESSIVE;
				GCC_WARN_UNUSED_FUNCTION = YES;
				GCC_WARN_UNUSED_VARIABLE = YES;
				IPHONEOS_DEPLOYMENT_TARGET = 12.2;
				MTL_ENABLE_DEBUG_INFO = INCLUDE_SOURCE;
				MTL_FAST_MATH = YES;
				ONLY_ACTIVE_ARCH = YES;
				SDKROOT = iphoneos;
				SWIFT_ACTIVE_COMPILATION_CONDITIONS = DEBUG;
				SWIFT_OPTIMIZATION_LEVEL = "-Onone";
			};
			name = Debug;
		};
		5CAF0796227C3CB60015FDA8 /* Release */ = {
			isa = XCBuildConfiguration;
			buildSettings = {
				ALWAYS_SEARCH_USER_PATHS = NO;
				CLANG_ANALYZER_NONNULL = YES;
				CLANG_ANALYZER_NUMBER_OBJECT_CONVERSION = YES_AGGRESSIVE;
				CLANG_CXX_LANGUAGE_STANDARD = "gnu++14";
				CLANG_CXX_LIBRARY = "libc++";
				CLANG_ENABLE_MODULES = YES;
				CLANG_ENABLE_OBJC_ARC = YES;
				CLANG_ENABLE_OBJC_WEAK = YES;
				CLANG_WARN_BLOCK_CAPTURE_AUTORELEASING = YES;
				CLANG_WARN_BOOL_CONVERSION = YES;
				CLANG_WARN_COMMA = YES;
				CLANG_WARN_CONSTANT_CONVERSION = YES;
				CLANG_WARN_DEPRECATED_OBJC_IMPLEMENTATIONS = YES;
				CLANG_WARN_DIRECT_OBJC_ISA_USAGE = YES_ERROR;
				CLANG_WARN_DOCUMENTATION_COMMENTS = YES;
				CLANG_WARN_EMPTY_BODY = YES;
				CLANG_WARN_ENUM_CONVERSION = YES;
				CLANG_WARN_INFINITE_RECURSION = YES;
				CLANG_WARN_INT_CONVERSION = YES;
				CLANG_WARN_NON_LITERAL_NULL_CONVERSION = YES;
				CLANG_WARN_OBJC_IMPLICIT_RETAIN_SELF = YES;
				CLANG_WARN_OBJC_LITERAL_CONVERSION = YES;
				CLANG_WARN_OBJC_ROOT_CLASS = YES_ERROR;
				CLANG_WARN_RANGE_LOOP_ANALYSIS = YES;
				CLANG_WARN_STRICT_PROTOTYPES = YES;
				CLANG_WARN_SUSPICIOUS_MOVE = YES;
				CLANG_WARN_UNGUARDED_AVAILABILITY = YES_AGGRESSIVE;
				CLANG_WARN_UNREACHABLE_CODE = YES;
				CLANG_WARN__DUPLICATE_METHOD_MATCH = YES;
				CODE_SIGN_IDENTITY = "iPhone Developer";
				COPY_PHASE_STRIP = NO;
				DEBUG_INFORMATION_FORMAT = "dwarf-with-dsym";
				ENABLE_NS_ASSERTIONS = NO;
				ENABLE_STRICT_OBJC_MSGSEND = YES;
				GCC_C_LANGUAGE_STANDARD = gnu11;
				GCC_NO_COMMON_BLOCKS = YES;
				GCC_WARN_64_TO_32_BIT_CONVERSION = YES;
				GCC_WARN_ABOUT_RETURN_TYPE = YES_ERROR;
				GCC_WARN_UNDECLARED_SELECTOR = YES;
				GCC_WARN_UNINITIALIZED_AUTOS = YES_AGGRESSIVE;
				GCC_WARN_UNUSED_FUNCTION = YES;
				GCC_WARN_UNUSED_VARIABLE = YES;
				IPHONEOS_DEPLOYMENT_TARGET = 12.2;
				MTL_ENABLE_DEBUG_INFO = NO;
				MTL_FAST_MATH = YES;
				SDKROOT = iphoneos;
				SWIFT_COMPILATION_MODE = wholemodule;
				SWIFT_OPTIMIZATION_LEVEL = "-O";
				VALIDATE_PRODUCT = YES;
			};
			name = Release;
		};
		5CAF0798227C3CB60015FDA8 /* Debug */ = {
			isa = XCBuildConfiguration;
			buildSettings = {
				ASSETCATALOG_COMPILER_APPICON_NAME = AppIcon;
				CODE_SIGN_STYLE = Automatic;
				DEVELOPMENT_TEAM = ZGNJ8Z375R;
				INFOPLIST_FILE = "Weather App/Info.plist";
				LD_RUNPATH_SEARCH_PATHS = (
					"$(inherited)",
					"@executable_path/Frameworks",
				);
				PRODUCT_BUNDLE_IDENTIFIER = "nl.gerjantevelde.Weather-App";
				PRODUCT_NAME = "$(TARGET_NAME)";
				SWIFT_VERSION = 5.0;
				TARGETED_DEVICE_FAMILY = "1,2";
			};
			name = Debug;
		};
		5CAF0799227C3CB60015FDA8 /* Release */ = {
			isa = XCBuildConfiguration;
			buildSettings = {
				ASSETCATALOG_COMPILER_APPICON_NAME = AppIcon;
				CODE_SIGN_STYLE = Automatic;
				DEVELOPMENT_TEAM = ZGNJ8Z375R;
				INFOPLIST_FILE = "Weather App/Info.plist";
				LD_RUNPATH_SEARCH_PATHS = (
					"$(inherited)",
					"@executable_path/Frameworks",
				);
				PRODUCT_BUNDLE_IDENTIFIER = "nl.gerjantevelde.Weather-App";
				PRODUCT_NAME = "$(TARGET_NAME)";
				SWIFT_VERSION = 5.0;
				TARGETED_DEVICE_FAMILY = "1,2";
			};
			name = Release;
		};
/* End XCBuildConfiguration section */

/* Begin XCConfigurationList section */
		5CAF0780227C3CB30015FDA8 /* Build configuration list for PBXProject "Weather App" */ = {
			isa = XCConfigurationList;
			buildConfigurations = (
				5CAF0795227C3CB60015FDA8 /* Debug */,
				5CAF0796227C3CB60015FDA8 /* Release */,
			);
			defaultConfigurationIsVisible = 0;
			defaultConfigurationName = Release;
		};
		5CAF0797227C3CB60015FDA8 /* Build configuration list for PBXNativeTarget "Weather App" */ = {
			isa = XCConfigurationList;
			buildConfigurations = (
				5CAF0798227C3CB60015FDA8 /* Debug */,
				5CAF0799227C3CB60015FDA8 /* Release */,
			);
			defaultConfigurationIsVisible = 0;
			defaultConfigurationName = Release;
		};
/* End XCConfigurationList section */
	};
	rootObject = 5CAF077D227C3CB30015FDA8 /* Project object */;
}
